
Microsoft Visual Studio Solution File, Format Version 12.00
# Visual Studio Version 16
VisualStudioVersion = 16.0.31025.194
MinimumVisualStudioVersion = 10.0.40219.1
Project("{8BC9CEB8-8B4A-11D0-8D11-00A0C91BC942}") = "EDA7-Twitter", "EDA7-Twitter.vcxproj", "{6A22C797-277C-47B9-8540-CD0A79E81255}"
EndProject
Global
	GlobalSection(SolutionConfigurationPlatforms) = preSolution
		Debug|x64 = Debug|x64
		Debug|x86 = Debug|x86
		Release|x64 = Release|x64
		Release|x86 = Release|x86
	EndGlobalSection
	GlobalSection(ProjectConfigurationPlatforms) = postSolution
		{6A22C797-277C-47B9-8540-CD0A79E81255}.Debug|x64.ActiveCfg = Debug|x64
		{6A22C797-277C-47B9-8540-CD0A79E81255}.Debug|x64.Build.0 = Debug|x64
		{6A22C797-277C-47B9-8540-CD0A79E81255}.Debug|x86.ActiveCfg = Debug|Win32
		{6A22C797-277C-47B9-8540-CD0A79E81255}.Debug|x86.Build.0 = Debug|Win32
		{6A22C797-277C-47B9-8540-CD0A79E81255}.Release|x64.ActiveCfg = Release|x64
		{6A22C797-277C-47B9-8540-CD0A79E81255}.Release|x64.Build.0 = Release|x64
		{6A22C797-277C-47B9-8540-CD0A79E81255}.Release|x86.ActiveCfg = Release|Win32
		{6A22C797-277C-47B9-8540-CD0A79E81255}.Release|x86.Build.0 = Release|Win32
	EndGlobalSection
	GlobalSection(SolutionProperties) = preSolution
		HideSolutionNode = FALSE
	EndGlobalSection
	GlobalSection(ExtensibilityGlobals) = postSolution
		SolutionGuid = {B1A2090E-A888-4E6C-BD02-F3389BFA9AF6}
	EndGlobalSection
EndGlobal
